// !$*UTF8*$!
{
	archiveVersion = 1;
	classes = {
	};
	objectVersion = 56;
	objects = {

/* Begin PBXBuildFile section */
		000000000000000000000001 /* DisneyQueuesApp.swift in Sources */ = {isa = PBXBuildFile; fileRef = 000000000000000000000101 /* DisneyQueuesApp.swift */; };
		000000000000000000000002 /* Park.swift in Sources */ = {isa = PBXBuildFile; fileRef = 000000000000000000000102 /* Park.swift */; };
		000000000000000000000003 /* Attraction.swift in Sources */ = {isa = PBXBuildFile; fileRef = 000000000000000000000103 /* Attraction.swift */; };
		000000000000000000000004 /* QueueAPI.swift in Sources */ = {isa = PBXBuildFile; fileRef = 000000000000000000000104 /* QueueAPI.swift */; };
		000000000000000000000005 /* QueueStore.swift in Sources */ = {isa = PBXBuildFile; fileRef = 000000000000000000000105 /* QueueStore.swift */; };
		000000000000000000000006 /* ContentView.swift in Sources */ = {isa = PBXBuildFile; fileRef = 000000000000000000000106 /* ContentView.swift */; };
		000000000000000000000007 /* QueueListView.swift in Sources */ = {isa = PBXBuildFile; fileRef = 000000000000000000000107 /* QueueListView.swift */; };
		000000000000000000000008 /* RefreshHeaderView.swift in Sources */ = {isa = PBXBuildFile; fileRef = 000000000000000000000108 /* RefreshHeaderView.swift */; };
		000000000000000000000009 /* AttractionRow.swift in Sources */ = {isa = PBXBuildFile; fileRef = 000000000000000000000109 /* AttractionRow.swift */; };
		00000000000000000000000A /* DisneyQueuesTests.swift in Sources */ = {isa = PBXBuildFile; fileRef = 000000000000000000000201 /* DisneyQueuesTests.swift */; };
		00000000000000000000000B /* AttractionMetadata.swift in Sources */ = {isa = PBXBuildFile; fileRef = 00000000000000000000010B /* AttractionMetadata.swift */; };
		00000000000000000000000C /* QueueNotificationService.swift in Sources */ = {isa = PBXBuildFile; fileRef = 00000000000000000000010C /* QueueNotificationService.swift */; };
		00000000000000000000000D /* AttractionMetadata.json in Resources */ = {isa = PBXBuildFile; fileRef = 00000000000000000000010D /* AttractionMetadata.json */; };
		00000000000000000000000E /* Assets.xcassets in Resources */ = {isa = PBXBuildFile; fileRef = 00000000000000000000010E /* Assets.xcassets */; };
/* End PBXBuildFile section */

/* Begin PBXContainerItemProxy section */
		000000000000000000000301 /* PBXContainerItemProxy */ = {
			isa = PBXContainerItemProxy;
			containerPortal = 000000000000000000000401 /* Project object */;
			proxyType = 1;
			remoteGlobalIDString = 000000000000000000000501;
			remoteInfo = DisneyQueues;
		};
/* End PBXContainerItemProxy section */

/* Begin PBXFileReference section */
		000000000000000000000101 /* DisneyQueuesApp.swift */ = {isa = PBXFileReference; lastKnownFileType = sourcecode.swift; path = DisneyQueuesApp.swift; sourceTree = "<group>"; };
		000000000000000000000102 /* Park.swift */ = {isa = PBXFileReference; lastKnownFileType = sourcecode.swift; path = Park.swift; sourceTree = "<group>"; };
		000000000000000000000103 /* Attraction.swift */ = {isa = PBXFileReference; lastKnownFileType = sourcecode.swift; path = Attraction.swift; sourceTree = "<group>"; };
		000000000000000000000104 /* QueueAPI.swift */ = {isa = PBXFileReference; lastKnownFileType = sourcecode.swift; path = QueueAPI.swift; sourceTree = "<group>"; };
		000000000000000000000105 /* QueueStore.swift */ = {isa = PBXFileReference; lastKnownFileType = sourcecode.swift; path = QueueStore.swift; sourceTree = "<group>"; };
		000000000000000000000106 /* ContentView.swift */ = {isa = PBXFileReference; lastKnownFileType = sourcecode.swift; path = ContentView.swift; sourceTree = "<group>"; };
		000000000000000000000107 /* QueueListView.swift */ = {isa = PBXFileReference; lastKnownFileType = sourcecode.swift; path = QueueListView.swift; sourceTree = "<group>"; };
		000000000000000000000108 /* RefreshHeaderView.swift */ = {isa = PBXFileReference; lastKnownFileType = sourcecode.swift; path = RefreshHeaderView.swift; sourceTree = "<group>"; };
		000000000000000000000109 /* AttractionRow.swift */ = {isa = PBXFileReference; lastKnownFileType = sourcecode.swift; path = AttractionRow.swift; sourceTree = "<group>"; };
		00000000000000000000010A /* Info.plist */ = {isa = PBXFileReference; lastKnownFileType = text.plist.xml; path = Info.plist; sourceTree = "<group>"; };
		00000000000000000000010B /* AttractionMetadata.swift */ = {isa = PBXFileReference; lastKnownFileType = sourcecode.swift; path = AttractionMetadata.swift; sourceTree = "<group>"; };
		00000000000000000000010C /* QueueNotificationService.swift */ = {isa = PBXFileReference; lastKnownFileType = sourcecode.swift; path = QueueNotificationService.swift; sourceTree = "<group>"; };
		00000000000000000000010D /* AttractionMetadata.json */ = {isa = PBXFileReference; lastKnownFileType = text.json; path = AttractionMetadata.json; sourceTree = "<group>"; };
		00000000000000000000010E /* Assets.xcassets */ = {isa = PBXFileReference; lastKnownFileType = folder.assetcatalog; path = Assets.xcassets; sourceTree = "<group>"; };
		000000000000000000000201 /* DisneyQueuesTests.swift */ = {isa = PBXFileReference; lastKnownFileType = sourcecode.swift; path = DisneyQueuesTests.swift; sourceTree = "<group>"; };
		000000000000000000000601 /* DisneyQueues.app */ = {isa = PBXFileReference; explicitFileType = wrapper.application; includeInIndex = 0; path = DisneyQueues.app; sourceTree = BUILT_PRODUCTS_DIR; };
		000000000000000000000602 /* DisneyQueuesTests.xctest */ = {isa = PBXFileReference; explicitFileType = wrapper.cfbundle; includeInIndex = 0; path = DisneyQueuesTests.xctest; sourceTree = BUILT_PRODUCTS_DIR; };
/* End PBXFileReference section */

/* Begin PBXFrameworksBuildPhase section */
		000000000000000000000701 /* Frameworks */ = {
			isa = PBXFrameworksBuildPhase;
			buildActionMask = 2147483647;
			files = (
			);
			runOnlyForDeploymentPostprocessing = 0;
		};
		000000000000000000000702 /* Frameworks */ = {
			isa = PBXFrameworksBuildPhase;
			buildActionMask = 2147483647;
			files = (
			);
			runOnlyForDeploymentPostprocessing = 0;
		};
/* End PBXFrameworksBuildPhase section */

/* Begin PBXGroup section */
		000000000000000000000801 = {
			isa = PBXGroup;
			children = (
				000000000000000000000802 /* DisneyQueues */,
				000000000000000000000803 /* DisneyQueuesTests */,
				000000000000000000000804 /* Products */,
			);
			sourceTree = "<group>";
		};
		000000000000000000000802 /* DisneyQueues */ = {
			isa = PBXGroup;
			children = (
				000000000000000000000101 /* DisneyQueuesApp.swift */,
				000000000000000000000102 /* Park.swift */,
				000000000000000000000103 /* Attraction.swift */,
				000000000000000000000104 /* QueueAPI.swift */,
				000000000000000000000105 /* QueueStore.swift */,
				000000000000000000000106 /* ContentView.swift */,
				000000000000000000000107 /* QueueListView.swift */,
				000000000000000000000108 /* RefreshHeaderView.swift */,
				000000000000000000000109 /* AttractionRow.swift */,
				00000000000000000000010A /* Info.plist */,
				00000000000000000000010B /* AttractionMetadata.swift */,
				00000000000000000000010C /* QueueNotificationService.swift */,
				00000000000000000000010D /* AttractionMetadata.json */,
				00000000000000000000010E /* Assets.xcassets */,
			);
			path = DisneyQueues;
			sourceTree = "<group>";
		};
		000000000000000000000803 /* DisneyQueuesTests */ = {
			isa = PBXGroup;
			children = (
				000000000000000000000201 /* DisneyQueuesTests.swift */,
			);
			path = DisneyQueuesTests;
			sourceTree = "<group>";
		};
		000000000000000000000804 /* Products */ = {
			isa = PBXGroup;
			children = (
				000000000000000000000601 /* DisneyQueues.app */,
				000000000000000000000602 /* DisneyQueuesTests.xctest */,
			);
			name = Products;
			sourceTree = "<group>";
		};
/* End PBXGroup section */

/* Begin PBXNativeTarget section */
		000000000000000000000501 /* DisneyQueues */ = {
			isa = PBXNativeTarget;
			buildConfigurationList = 000000000000000000000901 /* Build configuration list for PBXNativeTarget "DisneyQueues" */;
			buildPhases = (
				000000000000000000000A01 /* Sources */,
				000000000000000000000701 /* Frameworks */,
				000000000000000000000B01 /* Resources */,
			);
			buildRules = (
			);
			dependencies = (
			);
			name = DisneyQueues;
			productName = DisneyQueues;
			productReference = 000000000000000000000601 /* DisneyQueues.app */;
			productType = "com.apple.product-type.application";
		};
		000000000000000000000502 /* DisneyQueuesTests */ = {
			isa = PBXNativeTarget;
			buildConfigurationList = 000000000000000000000902 /* Build configuration list for PBXNativeTarget "DisneyQueuesTests" */;
			buildPhases = (
				000000000000000000000A02 /* Sources */,
				000000000000000000000702 /* Frameworks */,
				000000000000000000000B02 /* Resources */,
			);
			buildRules = (
			);
			dependencies = (
				000000000000000000000302 /* PBXTargetDependency */,
			);
			name = DisneyQueuesTests;
			productName = DisneyQueuesTests;
			productReference = 000000000000000000000602 /* DisneyQueuesTests.xctest */;
			productType = "com.apple.product-type.bundle.unit-test";
		};
/* End PBXNativeTarget section */

/* Begin PBXProject section */
		000000000000000000000401 /* Project object */ = {
			isa = PBXProject;
			attributes = {
				BuildIndependentTargetsInParallel = 1;
				LastSwiftUpdateCheck = 1600;
				LastUpgradeCheck = 1600;
				TargetAttributes = {
					000000000000000000000501 = {
						CreatedOnToolsVersion = 16.0;
					};
					000000000000000000000502 = {
						CreatedOnToolsVersion = 16.0;
						TestTargetID = 000000000000000000000501;
					};
				};
			};
			buildConfigurationList = 000000000000000000000900 /* Build configuration list for PBXProject "DisneyQueues" */;
			compatibilityVersion = "Xcode 14.0";
			developmentRegion = en;
			hasScannedForEncodings = 0;
			knownRegions = (
				en,
				Base,
			);
			mainGroup = 000000000000000000000801;
			productRefGroup = 000000000000000000000804 /* Products */;
			projectDirPath = "";
			projectRoot = "";
			targets = (
				000000000000000000000501 /* DisneyQueues */,
				000000000000000000000502 /* DisneyQueuesTests */,
			);
		};
/* End PBXProject section */

/* Begin PBXResourcesBuildPhase section */
		000000000000000000000B01 /* Resources */ = {
			isa = PBXResourcesBuildPhase;
			buildActionMask = 2147483647;
			files = (
				00000000000000000000000D /* AttractionMetadata.json in Resources */,
			);
			runOnlyForDeploymentPostprocessing = 0;
		};
		000000000000000000000B02 /* Resources */ = {
			isa = PBXResourcesBuildPhase;
			buildActionMask = 2147483647;
			files = (
			);
			runOnlyForDeploymentPostprocessing = 0;
		};
/* End PBXResourcesBuildPhase section */

/* Begin PBXSourcesBuildPhase section */
		000000000000000000000A01 /* Sources */ = {
			isa = PBXSourcesBuildPhase;
			buildActionMask = 2147483647;
			files = (
				000000000000000000000001 /* DisneyQueuesApp.swift in Sources */,
				000000000000000000000002 /* Park.swift in Sources */,
				000000000000000000000003 /* Attraction.swift in Sources */,
				000000000000000000000004 /* QueueAPI.swift in Sources */,
				000000000000000000000005 /* QueueStore.swift in Sources */,
				000000000000000000000006 /* ContentView.swift in Sources */,
				000000000000000000000007 /* QueueListView.swift in Sources */,
				000000000000000000000008 /* RefreshHeaderView.swift in Sources */,
				000000000000000000000009 /* AttractionRow.swift in Sources */,
				00000000000000000000000B /* AttractionMetadata.swift in Sources */,
				00000000000000000000000C /* QueueNotificationService.swift in Sources */,
			);
			runOnlyForDeploymentPostprocessing = 0;
		};
		000000000000000000000A02 /* Sources */ = {
			isa = PBXSourcesBuildPhase;
			buildActionMask = 2147483647;
			files = (
				00000000000000000000000A /* DisneyQueuesTests.swift in Sources */,
			);
			runOnlyForDeploymentPostprocessing = 0;
		};
/* End PBXSourcesBuildPhase section */

/* Begin PBXTargetDependency section */
		000000000000000000000302 /* PBXTargetDependency */ = {
			isa = PBXTargetDependency;
			target = 000000000000000000000501 /* DisneyQueues */;
			targetProxy = 000000000000000000000301 /* PBXContainerItemProxy */;
		};
/* End PBXTargetDependency section */

/* Begin XCBuildConfiguration section */
		000000000000000000000C01 /* Debug */ = {
			isa = XCBuildConfiguration;
			buildSettings = {
				ALWAYS_SEARCH_USER_PATHS = NO;
				CLANG_ANALYZER_NONNULL = YES;
				CLANG_ANALYZER_NUMBER_OBJECT_CONVERSION = YES_AGGRESSIVE;
				CLANG_CXX_LANGUAGE_STANDARD = "gnu++20";
				CLANG_ENABLE_MODULES = YES;
				CLANG_ENABLE_OBJC_ARC = YES;
				CLANG_ENABLE_OBJC_WEAK = YES;
				CLANG_WARN_BLOCK_CAPTURE_AUTORELEASING = YES;
				CLANG_WARN_BOOL_CONVERSION = YES;
				CLANG_WARN_COMMA = YES;
				CLANG_WARN_CONSTANT_CONVERSION = YES;
				CLANG_WARN_DEPRECATED_OBJC_IMPLEMENTATIONS = YES;
				CLANG_WARN_DIRECT_OBJC_ISA_USAGE = YES_ERROR;
				CLANG_WARN_DOCUMENTATION_COMMENTS = YES;
				CLANG_WARN_EMPTY_BODY = YES;
				CLANG_WARN_ENUM_CONVERSION = YES;
				CLANG_WARN_INFINITE_RECURSION = YES;
				CLANG_WARN_INT_CONVERSION = YES;
				CLANG_WARN_NON_LITERAL_NULL_CONVERSION = YES;
				CLANG_WARN_OBJC_IMPLICIT_RETAIN_SELF = YES;
				CLANG_WARN_OBJC_LITERAL_CONVERSION = YES;
				CLANG_WARN_OBJC_ROOT_CLASS = YES_ERROR;
				CLANG_WARN_QUOTED_INCLUDE_IN_FRAMEWORK_HEADER = YES;
				CLANG_WARN_RANGE_LOOP_ANALYSIS = YES;
				CLANG_WARN_STRICT_PROTOTYPES = YES;
				CLANG_WARN_SUSPICIOUS_MOVE = YES;
				CLANG_WARN_UNGUARDED_AVAILABILITY = YES_AGGRESSIVE;
				CLANG_WARN_UNREACHABLE_CODE = YES;
				CLANG_WARN__DUPLICATE_METHOD_MATCH = YES;
				COPY_PHASE_STRIP = NO;
				DEBUG_INFORMATION_FORMAT = dwarf;
				ENABLE_STRICT_OBJC_MSGSEND = YES;
				ENABLE_TESTABILITY = YES;
				ENABLE_USER_SCRIPT_SANDBOXING = YES;
				GCC_C_LANGUAGE_STANDARD = gnu17;
				GCC_DYNAMIC_NO_PIC = NO;
				GCC_NO_COMMON_BLOCKS = YES;
				GCC_OPTIMIZATION_LEVEL = 0;
				GCC_PREPROCESSOR_DEFINITIONS = (
					"DEBUG=1",
					"$(inherited)",
				);
				GCC_WARN_64_TO_32_BIT_CONVERSION = YES;
				GCC_WARN_ABOUT_RETURN_TYPE = YES_ERROR;
				GCC_WARN_UNDECLARED_SELECTOR = YES;
				GCC_WARN_UNINITIALIZED_AUTOS = YES_AGGRESSIVE;
				GCC_WARN_UNUSED_FUNCTION = YES;
				GCC_WARN_UNUSED_VARIABLE = YES;
				IPHONEOS_DEPLOYMENT_TARGET = 16.0;
				MTL_ENABLE_DEBUG_INFO = INCLUDE_SOURCE;
				MTL_FAST_MATH = YES;
				ONLY_ACTIVE_ARCH = YES;
				SDKROOT = iphoneos;
				SWIFT_ACTIVE_COMPILATION_CONDITIONS = DEBUG;
				SWIFT_OPTIMIZATION_LEVEL = "-Onone";
			};
			name = Debug;
		};
		000000000000000000000C02 /* Release */ = {
			isa = XCBuildConfiguration;
			buildSettings = {
				ALWAYS_SEARCH_USER_PATHS = NO;
				CLANG_ANALYZER_NONNULL = YES;
				CLANG_ANALYZER_NUMBER_OBJECT_CONVERSION = YES_AGGRESSIVE;
				CLANG_CXX_LANGUAGE_STANDARD = "gnu++20";
				CLANG_ENABLE_MODULES = YES;
				CLANG_ENABLE_OBJC_ARC = YES;
				CLANG_ENABLE_OBJC_WEAK = YES;
				CLANG_WARN_BLOCK_CAPTURE_AUTORELEASING = YES;
				CLANG_WARN_BOOL_CONVERSION = YES;
				CLANG_WARN_COMMA = YES;
				CLANG_WARN_CONSTANT_CONVERSION = YES;
				CLANG_WARN_DEPRECATED_OBJC_IMPLEMENTATIONS = YES;
				CLANG_WARN_DIRECT_OBJC_ISA_USAGE = YES_ERROR;
				CLANG_WARN_DOCUMENTATION_COMMENTS = YES;
				CLANG_WARN_EMPTY_BODY = YES;
				CLANG_WARN_ENUM_CONVERSION = YES;
				CLANG_WARN_INFINITE_RECURSION = YES;
				CLANG_WARN_INT_CONVERSION = YES;
				CLANG_WARN_NON_LITERAL_NULL_CONVERSION = YES;
				CLANG_WARN_OBJC_IMPLICIT_RETAIN_SELF = YES;
				CLANG_WARN_OBJC_LITERAL_CONVERSION = YES;
				CLANG_WARN_OBJC_ROOT_CLASS = YES_ERROR;
				CLANG_WARN_QUOTED_INCLUDE_IN_FRAMEWORK_HEADER = YES;
				CLANG_WARN_RANGE_LOOP_ANALYSIS = YES;
				CLANG_WARN_STRICT_PROTOTYPES = YES;
				CLANG_WARN_SUSPICIOUS_MOVE = YES;
				CLANG_WARN_UNGUARDED_AVAILABILITY = YES_AGGRESSIVE;
				CLANG_WARN_UNREACHABLE_CODE = YES;
				CLANG_WARN__DUPLICATE_METHOD_MATCH = YES;
				COPY_PHASE_STRIP = NO;
				DEBUG_INFORMATION_FORMAT = "dwarf-with-dsym";
				ENABLE_NS_ASSERTIONS = NO;
				ENABLE_STRICT_OBJC_MSGSEND = YES;
				ENABLE_USER_SCRIPT_SANDBOXING = YES;
				GCC_C_LANGUAGE_STANDARD = gnu17;
				GCC_NO_COMMON_BLOCKS = YES;
				GCC_WARN_64_TO_32_BIT_CONVERSION = YES;
				GCC_WARN_ABOUT_RETURN_TYPE = YES_ERROR;
				GCC_WARN_UNDECLARED_SELECTOR = YES;
				GCC_WARN_UNINITIALIZED_AUTOS = YES_AGGRESSIVE;
				GCC_WARN_UNUSED_FUNCTION = YES;
				GCC_WARN_UNUSED_VARIABLE = YES;
				IPHONEOS_DEPLOYMENT_TARGET = 16.0;
				MTL_ENABLE_DEBUG_INFO = NO;
				MTL_FAST_MATH = YES;
				SDKROOT = iphoneos;
				SWIFT_COMPILATION_MODE = wholemodule;
				SWIFT_OPTIMIZATION_LEVEL = "-O";
				VALIDATE_PRODUCT = YES;
			};
			name = Release;
		};
		000000000000000000000D01 /* Debug */ = {
			isa = XCBuildConfiguration;
			buildSettings = {
				CODE_SIGN_STYLE = Automatic;
				GENERATE_INFOPLIST_FILE = NO;
				INFOPLIST_FILE = DisneyQueues/Info.plist;
				LD_RUNPATH_SEARCH_PATHS = (
					"$(inherited)",
					"@executable_path/Frameworks",
				);
				MARKETING_VERSION = 1.0;
				PRODUCT_BUNDLE_IDENTIFIER = com.private.DisneyQueues;
				PRODUCT_NAME = "$(TARGET_NAME)";
				SWIFT_EMIT_LOC_STRINGS = YES;
				SWIFT_VERSION = 5.0;
				TARGETED_DEVICE_FAMILY = 1;
			};
			name = Debug;
		};
		000000000000000000000D02 /* Release */ = {
			isa = XCBuildConfiguration;
			buildSettings = {
				CODE_SIGN_STYLE = Automatic;
				GENERATE_INFOPLIST_FILE = NO;
				INFOPLIST_FILE = DisneyQueues/Info.plist;
				LD_RUNPATH_SEARCH_PATHS = (
					"$(inherited)",
					"@executable_path/Frameworks",
				);
				MARKETING_VERSION = 1.0;
				PRODUCT_BUNDLE_IDENTIFIER = com.private.DisneyQueues;
				PRODUCT_NAME = "$(TARGET_NAME)";
				SWIFT_EMIT_LOC_STRINGS = YES;
				SWIFT_VERSION = 5.0;
				TARGETED_DEVICE_FAMILY = 1;
			};
			name = Release;
		};
		000000000000000000000E01 /* Debug */ = {
			isa = XCBuildConfiguration;
			buildSettings = {
				BUNDLE_LOADER = "$(TEST_HOST)";
				CODE_SIGN_STYLE = Automatic;
				GENERATE_INFOPLIST_FILE = YES;
				LD_RUNPATH_SEARCH_PATHS = (
					"$(inherited)",
					"@executable_path/Frameworks",
					"@loader_path/Frameworks",
				);
				PRODUCT_BUNDLE_IDENTIFIER = com.private.DisneyQueuesTests;
				PRODUCT_NAME = "$(TARGET_NAME)";
				SWIFT_VERSION = 5.0;
				TARGETED_DEVICE_FAMILY = 1;
				TEST_HOST = "$(BUILT_PRODUCTS_DIR)/DisneyQueues.app/$(BUNDLE_EXECUTABLE_FOLDER_PATH)/DisneyQueues";
			};
			name = Debug;
		};
		000000000000000000000E02 /* Release */ = {
			isa = XCBuildConfiguration;
			buildSettings = {
				BUNDLE_LOADER = "$(TEST_HOST)";
				CODE_SIGN_STYLE = Automatic;
				GENERATE_INFOPLIST_FILE = YES;
				LD_RUNPATH_SEARCH_PATHS = (
					"$(inherited)",
					"@executable_path/Frameworks",
					"@loader_path/Frameworks",
				);
				PRODUCT_BUNDLE_IDENTIFIER = com.private.DisneyQueuesTests;
				PRODUCT_NAME = "$(TARGET_NAME)";
				SWIFT_VERSION = 5.0;
				TARGETED_DEVICE_FAMILY = 1;
				TEST_HOST = "$(BUILT_PRODUCTS_DIR)/DisneyQueues.app/$(BUNDLE_EXECUTABLE_FOLDER_PATH)/DisneyQueues";
			};
			name = Release;
		};
/* End XCBuildConfiguration section */

/* Begin XCConfigurationList section */
		000000000000000000000900 /* Build configuration list for PBXProject "DisneyQueues" */ = {
			isa = XCConfigurationList;
			buildConfigurations = (
				000000000000000000000C01 /* Debug */,
				000000000000000000000C02 /* Release */,
			);
			defaultConfigurationIsVisible = 0;
			defaultConfigurationName = Release;
		};
		000000000000000000000901 /* Build configuration list for PBXNativeTarget "DisneyQueues" */ = {
			isa = XCConfigurationList;
			buildConfigurations = (
				000000000000000000000D01 /* Debug */,
				000000000000000000000D02 /* Release */,
			);
			defaultConfigurationIsVisible = 0;
			defaultConfigurationName = Release;
		};
		000000000000000000000902 /* Build configuration list for PBXNativeTarget "DisneyQueuesTests" */ = {
			isa = XCConfigurationList;
			buildConfigurations = (
				000000000000000000000E01 /* Debug */,
				000000000000000000000E02 /* Release */,
			);
			defaultConfigurationIsVisible = 0;
			defaultConfigurationName = Release;
		};
/* End XCConfigurationList section */
	};
	rootObject = 000000000000000000000401 /* Project object */;
}
